# This file is automatically @generated by Cargo.
# It is not intended for manual editing.
version = 4

[[package]]
name = "anyhow"
version = "1.0.104"
source = "registry+https://github.com/rust-lang/crates.io-index"
checksum = "330a5ed07fa54e4702c9d6c4174f74427fc0ef6e214bbd677ae50a5099946470"

[[package]]
name = "vixeeny-app"
version = "0.0.1"

[[package]]
name = "vixeeny-audio"
version = "0.0.1"

[[package]]
name = "vixeeny-capture"
version = "0.0.1"

[[package]]
name = "vixeeny-common"
version = "0.0.1"

[[package]]
name = "vixeeny-daemon"
version = "0.0.1"

[[package]]
name = "vixeeny-editor"
version = "0.0.1"

[[package]]
name = "vixeeny-encode"
version = "0.0.1"

[[package]]
name = "vixeeny-image"
version = "0.0.1"

[[package]]
name = "vixeeny-ocr"
version = "0.0.1"

[[package]]
name = "vixeeny-platform"
version = "0.0.1"

[[package]]
name = "vixeeny-stitch"
version = "0.0.1"

[[package]]
name = "vixeeny-ui"
version = "0.0.1"

[[package]]
name = "vixeeny-updater"
version = "0.0.1"

[[package]]
name = "xtask"
version = "0.0.1"
dependencies = [
 "anyhow",
]
